// !$*UTF8*$!
{
	archiveVersion = 1;
	classes = {
	};
	objectVersion = 46;
	objects = {

/* Begin PBXBuildFile section */
		929B140815B8FD0A00F7AEE5 /* Cocoa.framework in Frameworks */ = {isa = PBXBuildFile; fileRef = 929B140715B8FD0A00F7AEE5 /* Cocoa.framework */; };
		929B141515B8FD0A00F7AEE5 /* CupertinoYankeeTests.m in Sources */ = {isa = PBXBuildFile; fileRef = 929B141415B8FD0A00F7AEE5 /* CupertinoYankeeTests.m */; };
		F86035B416AD22310027FDE8 /* NSDate+CupertinoYankee.m in Sources */ = {isa = PBXBuildFile; fileRef = F86035B316AD22310027FDE8 /* NSDate+CupertinoYankee.m */; };
		F86035B516AD22310027FDE8 /* NSDate+CupertinoYankee.m in Sources */ = {isa = PBXBuildFile; fileRef = F86035B316AD22310027FDE8 /* NSDate+CupertinoYankee.m */; };
		F8D36B2E153D3AF000E60A8B /* Foundation.framework in Frameworks */ = {isa = PBXBuildFile; fileRef = F8D36B2D153D3AF000E60A8B /* Foundation.framework */; };
		F8D36B31153D3AF000E60A8B /* main.m in Sources */ = {isa = PBXBuildFile; fileRef = F8D36B30153D3AF000E60A8B /* main.m */; };
		F8D36B35153D3AF000E60A8B /* Cupertino_Yankee_Example.1 in CopyFiles */ = {isa = PBXBuildFile; fileRef = F8D36B34153D3AF000E60A8B /* Cupertino_Yankee_Example.1 */; };
/* End PBXBuildFile section */

/* Begin PBXCopyFilesBuildPhase section */
		F8D36B27153D3AF000E60A8B /* CopyFiles */ = {
			isa = PBXCopyFilesBuildPhase;
			buildActionMask = 2147483647;
			dstPath = /usr/share/man/man1/;
			dstSubfolderSpec = 0;
			files = (
				F8D36B35153D3AF000E60A8B /* Cupertino_Yankee_Example.1 in CopyFiles */,
			);
			runOnlyForDeploymentPostprocessing = 1;
		};
/* End PBXCopyFilesBuildPhase section */

/* Begin PBXFileReference section */
		929B140415B8FD0A00F7AEE5 /* CupertinoYankeeTests.octest */ = {isa = PBXFileReference; explicitFileType = wrapper.cfbundle; includeInIndex = 0; path = CupertinoYankeeTests.octest; sourceTree = BUILT_PRODUCTS_DIR; };
		929B140715B8FD0A00F7AEE5 /* Cocoa.framework */ = {isa = PBXFileReference; lastKnownFileType = wrapper.framework; name = Cocoa.framework; path = Library/Frameworks/Cocoa.framework; sourceTree = DEVELOPER_DIR; };
		929B140A15B8FD0A00F7AEE5 /* AppKit.framework */ = {isa = PBXFileReference; lastKnownFileType = wrapper.framework; name = AppKit.framework; path = Library/Frameworks/AppKit.framework; sourceTree = SDKROOT; };
		929B140B15B8FD0A00F7AEE5 /* CoreData.framework */ = {isa = PBXFileReference; lastKnownFileType = wrapper.framework; name = CoreData.framework; path = Library/Frameworks/CoreData.framework; sourceTree = SDKROOT; };
		929B140C15B8FD0A00F7AEE5 /* Foundation.framework */ = {isa = PBXFileReference; lastKnownFileType = wrapper.framework; name = Foundation.framework; path = Library/Frameworks/Foundation.framework; sourceTree = SDKROOT; };
		929B141415B8FD0A00F7AEE5 /* CupertinoYankeeTests.m */ = {isa = PBXFileReference; lastKnownFileType = sourcecode.c.objc; path = CupertinoYankeeTests.m; sourceTree = "<group>"; };
		929B141615B8FD0A00F7AEE5 /* CupertinoYankeeTests-Prefix.pch */ = {isa = PBXFileReference; lastKnownFileType = sourcecode.c.h; path = "CupertinoYankeeTests-Prefix.pch"; sourceTree = "<group>"; };
		F86035B216AD22310027FDE8 /* NSDate+CupertinoYankee.h */ = {isa = PBXFileReference; fileEncoding = 4; lastKnownFileType = sourcecode.c.h; path = "NSDate+CupertinoYankee.h"; sourceTree = "<group>"; };
		F86035B316AD22310027FDE8 /* NSDate+CupertinoYankee.m */ = {isa = PBXFileReference; fileEncoding = 4; lastKnownFileType = sourcecode.c.objc; path = "NSDate+CupertinoYankee.m"; sourceTree = "<group>"; };
		F86035B616AD22E10027FDE8 /* CupertinoYankeeTests-Info.plist */ = {isa = PBXFileReference; fileEncoding = 4; lastKnownFileType = text.plist.xml; path = "CupertinoYankeeTests-Info.plist"; sourceTree = "<group>"; };
		F8D36B29153D3AF000E60A8B /* Cupertino Yankee Example */ = {isa = PBXFileReference; explicitFileType = "compiled.mach-o.executable"; includeInIndex = 0; path = "Cupertino Yankee Example"; sourceTree = BUILT_PRODUCTS_DIR; };
		F8D36B2D153D3AF000E60A8B /* Foundation.framework */ = {isa = PBXFileReference; lastKnownFileType = wrapper.framework; name = Foundation.framework; path = System/Library/Frameworks/Foundation.framework; sourceTree = SDKROOT; };
		F8D36B30153D3AF000E60A8B /* main.m */ = {isa = PBXFileReference; lastKnownFileType = sourcecode.c.objc; path = main.m; sourceTree = "<group>"; };
		F8D36B33153D3AF000E60A8B /* Cupertino Yankee Example-Prefix.pch */ = {isa = PBXFileReference; lastKnownFileType = sourcecode.c.h; path = "Cupertino Yankee Example-Prefix.pch"; sourceTree = "<group>"; };
		F8D36B34153D3AF000E60A8B /* Cupertino_Yankee_Example.1 */ = {isa = PBXFileReference; lastKnownFileType = text.man; path = Cupertino_Yankee_Example.1; sourceTree = "<group>"; };
/* End PBXFileReference section */

/* Begin PBXFrameworksBuildPhase section */
		929B140015B8FD0A00F7AEE5 /* Frameworks */ = {
			isa = PBXFrameworksBuildPhase;
			buildActionMask = 2147483647;
			files = (
				929B140815B8FD0A00F7AEE5 /* Cocoa.framework in Frameworks */,
			);
			runOnlyForDeploymentPostprocessing = 0;
		};
		F8D36B26153D3AF000E60A8B /* Frameworks */ = {
			isa = PBXFrameworksBuildPhase;
			buildActionMask = 2147483647;
			files = (
				F8D36B2E153D3AF000E60A8B /* Foundation.framework in Frameworks */,
			);
			runOnlyForDeploymentPostprocessing = 0;
		};
/* End PBXFrameworksBuildPhase section */

/* Begin PBXGroup section */
		929B140915B8FD0A00F7AEE5 /* Other Frameworks */ = {
			isa = PBXGroup;
			children = (
				929B140A15B8FD0A00F7AEE5 /* AppKit.framework */,
				929B140B15B8FD0A00F7AEE5 /* CoreData.framework */,
				929B140C15B8FD0A00F7AEE5 /* Foundation.framework */,
			);
			name = "Other Frameworks";
			sourceTree = "<group>";
		};
		929B140D15B8FD0A00F7AEE5 /* Cupertino Yankee Tests */ = {
			isa = PBXGroup;
			children = (
				929B141415B8FD0A00F7AEE5 /* CupertinoYankeeTests.m */,
				929B140E15B8FD0A00F7AEE5 /* Supporting Files */,
			);
			path = "Cupertino Yankee Tests";
			sourceTree = "<group>";
		};
		929B140E15B8FD0A00F7AEE5 /* Supporting Files */ = {
			isa = PBXGroup;
			children = (
				F86035B616AD22E10027FDE8 /* CupertinoYankeeTests-Info.plist */,
				929B141615B8FD0A00F7AEE5 /* CupertinoYankeeTests-Prefix.pch */,
			);
			name = "Supporting Files";
			sourceTree = "<group>";
		};
		F86035B016AD22250027FDE8 /* Vendor */ = {
			isa = PBXGroup;
			children = (
				F86035B116AD22310027FDE8 /* CupertinoYankee */,
			);
			name = Vendor;
			sourceTree = "<group>";
		};
		F86035B116AD22310027FDE8 /* CupertinoYankee */ = {
			isa = PBXGroup;
			children = (
				F86035B216AD22310027FDE8 /* NSDate+CupertinoYankee.h */,
				F86035B316AD22310027FDE8 /* NSDate+CupertinoYankee.m */,
			);
			name = CupertinoYankee;
			path = ../CupertinoYankee;
			sourceTree = "<group>";
		};
		F8D36B1E153D3AF000E60A8B = {
			isa = PBXGroup;
			children = (
				F8D36B2F153D3AF000E60A8B /* Cupertino Yankee Example */,
				929B140D15B8FD0A00F7AEE5 /* Cupertino Yankee Tests */,
				F8D36B2C153D3AF000E60A8B /* Frameworks */,
				F8D36B2A153D3AF000E60A8B /* Products */,
				F86035B016AD22250027FDE8 /* Vendor */,
			);
			sourceTree = "<group>";
		};
		F8D36B2A153D3AF000E60A8B /* Products */ = {
			isa = PBXGroup;
			children = (
				F8D36B29153D3AF000E60A8B /* Cupertino Yankee Example */,
				929B140415B8FD0A00F7AEE5 /* CupertinoYankeeTests.octest */,
			);
			name = Products;
			sourceTree = "<group>";
		};
		F8D36B2C153D3AF000E60A8B /* Frameworks */ = {
			isa = PBXGroup;
			children = (
				F8D36B2D153D3AF000E60A8B /* Foundation.framework */,
				929B140715B8FD0A00F7AEE5 /* Cocoa.framework */,
				929B140915B8FD0A00F7AEE5 /* Other Frameworks */,
			);
			name = Frameworks;
			sourceTree = "<group>";
		};
		F8D36B2F153D3AF000E60A8B /* Cupertino Yankee Example */ = {
			isa = PBXGroup;
			children = (
				F8D36B30153D3AF000E60A8B /* main.m */,
				F8D36B34153D3AF000E60A8B /* Cupertino_Yankee_Example.1 */,
				F8D36B32153D3AF000E60A8B /* Supporting Files */,
			);
			path = "Cupertino Yankee Example";
			sourceTree = "<group>";
		};
		F8D36B32153D3AF000E60A8B /* Supporting Files */ = {
			isa = PBXGroup;
			children = (
				F8D36B33153D3AF000E60A8B /* Cupertino Yankee Example-Prefix.pch */,
			);
			name = "Supporting Files";
			sourceTree = "<group>";
		};
/* End PBXGroup section */

/* Begin PBXNativeTarget section */
		929B140315B8FD0A00F7AEE5 /* Cupertino Yankee Tests */ = {
			isa = PBXNativeTarget;
			buildConfigurationList = 929B141915B8FD0A00F7AEE5 /* Build configuration list for PBXNativeTarget "Cupertino Yankee Tests" */;
			buildPhases = (
				929B13FF15B8FD0A00F7AEE5 /* Sources */,
				929B140015B8FD0A00F7AEE5 /* Frameworks */,
				929B140115B8FD0A00F7AEE5 /* Resources */,
				929B140215B8FD0A00F7AEE5 /* ShellScript */,
			);
			buildRules = (
			);
			dependencies = (
			);
			name = "Cupertino Yankee Tests";
			productName = CupertinoYankeeTests;
			productReference = 929B140415B8FD0A00F7AEE5 /* CupertinoYankeeTests.octest */;
			productType = "com.apple.product-type.bundle.unit-test";
		};
		F8D36B28153D3AF000E60A8B /* Cupertino Yankee Example */ = {
			isa = PBXNativeTarget;
			buildConfigurationList = F8D36B38153D3AF000E60A8B /* Build configuration list for PBXNativeTarget "Cupertino Yankee Example" */;
			buildPhases = (
				F8D36B25153D3AF000E60A8B /* Sources */,
				F8D36B26153D3AF000E60A8B /* Frameworks */,
				F8D36B27153D3AF000E60A8B /* CopyFiles */,
			);
			buildRules = (
			);
			dependencies = (
			);
			name = "Cupertino Yankee Example";
			productName = "Cupertino Yankee Example";
			productReference = F8D36B29153D3AF000E60A8B /* Cupertino Yankee Example */;
			productType = "com.apple.product-type.tool";
		};
/* End PBXNativeTarget section */

/* Begin PBXProject section */
		F8D36B20153D3AF000E60A8B /* Project object */ = {
			isa = PBXProject;
			attributes = {
				LastTestingUpgradeCheck = 0610;
				LastUpgradeCheck = 0610;
			};
			buildConfigurationList = F8D36B23153D3AF000E60A8B /* Build configuration list for PBXProject "Cupertino Yankee Example" */;
			compatibilityVersion = "Xcode 3.2";
			developmentRegion = English;
			hasScannedForEncodings = 0;
			knownRegions = (
				en,
			);
			mainGroup = F8D36B1E153D3AF000E60A8B;
			productRefGroup = F8D36B2A153D3AF000E60A8B /* Products */;
			projectDirPath = "";
			projectRoot = "";
			targets = (
				F8D36B28153D3AF000E60A8B /* Cupertino Yankee Example */,
				929B140315B8FD0A00F7AEE5 /* Cupertino Yankee Tests */,
			);
		};
/* End PBXProject section */

/* Begin PBXResourcesBuildPhase section */
		929B140115B8FD0A00F7AEE5 /* Resources */ = {
			isa = PBXResourcesBuildPhase;
			buildActionMask = 2147483647;
			files = (
			);
			runOnlyForDeploymentPostprocessing = 0;
		};
/* End PBXResourcesBuildPhase section */

/* Begin PBXShellScriptBuildPhase section */
		929B140215B8FD0A00F7AEE5 /* ShellScript */ = {
			isa = PBXShellScriptBuildPhase;
			buildActionMask = 2147483647;
			files = (
			);
			inputPaths = (
			);
			outputPaths = (
			);
			runOnlyForDeploymentPostprocessing = 0;
			shellPath = /bin/sh;
			shellScript = "# Run the unit tests in this test bundle.\n\"${SYSTEM_DEVELOPER_DIR}/Tools/RunUnitTests\"\n";
		};
/* End PBXShellScriptBuildPhase section */

/* Begin PBXSourcesBuildPhase section */
		929B13FF15B8FD0A00F7AEE5 /* Sources */ = {
			isa = PBXSourcesBuildPhase;
			buildActionMask = 2147483647;
			files = (
				929B141515B8FD0A00F7AEE5 /* CupertinoYankeeTests.m in Sources */,
				F86035B516AD22310027FDE8 /* NSDate+CupertinoYankee.m in Sources */,
			);
			runOnlyForDeploymentPostprocessing = 0;
		};
		F8D36B25153D3AF000E60A8B /* Sources */ = {
			isa = PBXSourcesBuildPhase;
			buildActionMask = 2147483647;
			files = (
				F8D36B31153D3AF000E60A8B /* main.m in Sources */,
				F86035B416AD22310027FDE8 /* NSDate+CupertinoYankee.m in Sources */,
			);
			runOnlyForDeploymentPostprocessing = 0;
		};
/* End PBXSourcesBuildPhase section */

/* Begin XCBuildConfiguration section */
		929B141715B8FD0A00F7AEE5 /* Debug */ = {
			isa = XCBuildConfiguration;
			buildSettings = {
				COMBINE_HIDPI_IMAGES = YES;
				FRAMEWORK_SEARCH_PATHS = "$(inherited)";
				GCC_PRECOMPILE_PREFIX_HEADER = YES;
				GCC_PREFIX_HEADER = "Cupertino Yankee Tests/CupertinoYankeeTests-Prefix.pch";
				GCC_WARN_UNINITIALIZED_AUTOS = YES;
				INFOPLIST_FILE = "Cupertino Yankee Tests/CupertinoYankeeTests-Info.plist";
				PRODUCT_NAME = "$(TARGET_NAME)";
			};
			name = Debug;
		};
		929B141815B8FD0A00F7AEE5 /* Release */ = {
			isa = XCBuildConfiguration;
			buildSettings = {
				COMBINE_HIDPI_IMAGES = YES;
				FRAMEWORK_SEARCH_PATHS = "$(inherited)";
				GCC_PRECOMPILE_PREFIX_HEADER = YES;
				GCC_PREFIX_HEADER = "Cupertino Yankee Tests/CupertinoYankeeTests-Prefix.pch";
				GCC_WARN_UNINITIALIZED_AUTOS = YES;
				INFOPLIST_FILE = "Cupertino Yankee Tests/CupertinoYankeeTests-Info.plist";
				PRODUCT_NAME = "$(TARGET_NAME)";
			};
			name = Release;
		};
		F8D36B36153D3AF000E60A8B /* Debug */ = {
			isa = XCBuildConfiguration;
			buildSettings = {
				ALWAYS_SEARCH_USER_PATHS = NO;
				CLANG_ENABLE_OBJC_ARC = YES;
				CLANG_WARN_BOOL_CONVERSION = YES;
				CLANG_WARN_CONSTANT_CONVERSION = YES;
				CLANG_WARN_EMPTY_BODY = YES;
				CLANG_WARN_ENUM_CONVERSION = YES;
				CLANG_WARN_INT_CONVERSION = YES;
				CLANG_WARN_UNREACHABLE_CODE = YES;
				CLANG_WARN__DUPLICATE_METHOD_MATCH = YES;
				COPY_PHASE_STRIP = NO;
				ENABLE_STRICT_OBJC_MSGSEND = YES;
				GCC_C_LANGUAGE_STANDARD = gnu99;
				GCC_DYNAMIC_NO_PIC = NO;
				GCC_ENABLE_OBJC_EXCEPTIONS = YES;
				GCC_OPTIMIZATION_LEVEL = 0;
				GCC_PREPROCESSOR_DEFINITIONS = (
					"DEBUG=1",
					"$(inherited)",
				);
				GCC_SYMBOLS_PRIVATE_EXTERN = NO;
				GCC_VERSION = com.apple.compilers.llvm.clang.1_0;
				GCC_WARN_64_TO_32_BIT_CONVERSION = YES;
				GCC_WARN_ABOUT_MISSING_PROTOTYPES = YES;
				GCC_WARN_ABOUT_RETURN_TYPE = YES;
				GCC_WARN_UNDECLARED_SELECTOR = YES;
				GCC_WARN_UNINITIALIZED_AUTOS = YES;
				GCC_WARN_UNUSED_FUNCTION = YES;
				GCC_WARN_UNUSED_VARIABLE = YES;
				MACOSX_DEPLOYMENT_TARGET = 10.7;
				ONLY_ACTIVE_ARCH = YES;
				SDKROOT = macosx;
			};
			name = Debug;
		};
		F8D36B37153D3AF000E60A8B /* Release */ = {
			isa = XCBuildConfiguration;
			buildSettings = {
				ALWAYS_SEARCH_USER_PATHS = NO;
				CLANG_ENABLE_OBJC_ARC = YES;
				CLANG_WARN_BOOL_CONVERSION = YES;
				CLANG_WARN_CONSTANT_CONVERSION = YES;
				CLANG_WARN_EMPTY_BODY = YES;
				CLANG_WARN_ENUM_CONVERSION = YES;
				CLANG_WARN_INT_CONVERSION = YES;
				CLANG_WARN_UNREACHABLE_CODE = YES;
				CLANG_WARN__DUPLICATE_METHOD_MATCH = YES;
				COPY_PHASE_STRIP = YES;
				DEBUG_INFORMATION_FORMAT = "dwarf-with-dsym";
				ENABLE_STRICT_OBJC_MSGSEND = YES;
				GCC_C_LANGUAGE_STANDARD = gnu99;
				GCC_ENABLE_OBJC_EXCEPTIONS = YES;
				GCC_VERSION = com.apple.compilers.llvm.clang.1_0;
				GCC_WARN_64_TO_32_BIT_CONVERSION = YES;
				GCC_WARN_ABOUT_MISSING_PROTOTYPES = YES;
				GCC_WARN_ABOUT_RETURN_TYPE = YES;
				GCC_WARN_UNDECLARED_SELECTOR = YES;
				GCC_WARN_UNINITIALIZED_AUTOS = YES;
				GCC_WARN_UNUSED_FUNCTION = YES;
				GCC_WARN_UNUSED_VARIABLE = YES;
				MACOSX_DEPLOYMENT_TARGET = 10.7;
				SDKROOT = macosx;
			};
			name = Release;
		};
		F8D36B39153D3AF000E60A8B /* Debug */ = {
			isa = XCBuildConfiguration;
			buildSettings = {
				GCC_PRECOMPILE_PREFIX_HEADER = YES;
				GCC_PREFIX_HEADER = "Cupertino Yankee Example/Cupertino Yankee Example-Prefix.pch";
				PRODUCT_NAME = "$(TARGET_NAME)";
			};
			name = Debug;
		};
		F8D36B3A153D3AF000E60A8B /* Release */ = {
			isa = XCBuildConfiguration;
			buildSettings = {
				GCC_PRECOMPILE_PREFIX_HEADER = YES;
				GCC_PREFIX_HEADER = "Cupertino Yankee Example/Cupertino Yankee Example-Prefix.pch";
				PRODUCT_NAME = "$(TARGET_NAME)";
			};
			name = Release;
		};
/* End XCBuildConfiguration section */

/* Begin XCConfigurationList section */
		929B141915B8FD0A00F7AEE5 /* Build configuration list for PBXNativeTarget "Cupertino Yankee Tests" */ = {
			isa = XCConfigurationList;
			buildConfigurations = (
				929B141715B8FD0A00F7AEE5 /* Debug */,
				929B141815B8FD0A00F7AEE5 /* Release */,
			);
			defaultConfigurationIsVisible = 0;
			defaultConfigurationName = Release;
		};
		F8D36B23153D3AF000E60A8B /* Build configuration list for PBXProject "Cupertino Yankee Example" */ = {
			isa = XCConfigurationList;
			buildConfigurations = (
				F8D36B36153D3AF000E60A8B /* Debug */,
				F8D36B37153D3AF000E60A8B /* Release */,
			);
			defaultConfigurationIsVisible = 0;
			defaultConfigurationName = Release;
		};
		F8D36B38153D3AF000E60A8B /* Build configuration list for PBXNativeTarget "Cupertino Yankee Example" */ = {
			isa = XCConfigurationList;
			buildConfigurations = (
				F8D36B39153D3AF000E60A8B /* Debug */,
				F8D36B3A153D3AF000E60A8B /* Release */,
			);
			defaultConfigurationIsVisible = 0;
			defaultConfigurationName = Release;
		};
/* End XCConfigurationList section */
	};
	rootObject = F8D36B20153D3AF000E60A8B /* Project object */;
}
